
Microsoft Visual Studio Solution File, Format Version 12.00
# Visual Studio Version 17
VisualStudioVersion = 17.10.35122.118
MinimumVisualStudioVersion = 10.0.40219.1
Project("{FAE04EC0-301F-11D3-BF4B-00C04F79EFBC}") = "BeanVis", "BeanVis\BeanVis.csproj", "{B0238989-18FC-4BD4-BE71-560F1E1EA923}"
EndProject
Global
	GlobalSection(SolutionConfigurationPlatforms) = preSolution
		Debug|Any CPU = Debug|Any CPU
		Release|Any CPU = Release|Any CPU
	EndGlobalSection
	GlobalSection(ProjectConfigurationPlatforms) = postSolution
		{B0238989-18FC-4BD4-BE71-560F1E1EA923}.Debug|Any CPU.ActiveCfg = Debug|Any CPU
		{B0238989-18FC-4BD4-BE71-560F1E1EA923}.Debug|Any CPU.Build.0 = Debug|Any CPU
		{B0238989-18FC-4BD4-BE71-560F1E1EA923}.Release|Any CPU.ActiveCfg = Release|Any CPU
		{B0238989-18FC-4BD4-BE71-560F1E1EA923}.Release|Any CPU.Build.0 = Release|Any CPU
	EndGlobalSection
	GlobalSection(SolutionProperties) = preSolution
		HideSolutionNode = FALSE
	EndGlobalSection
	GlobalSection(ExtensibilityGlobals) = postSolution
		SolutionGuid = {A9A30419-C568-4EF3-A8C0-DF247B61107A}
	EndGlobalSection
EndGlobal
